
Microsoft Visual Studio Solution File, Format Version 12.00
# Visual Studio Version 17
VisualStudioVersion = 17.7.34003.232
MinimumVisualStudioVersion = 10.0.40219.1
Project("{9A19103F-16F7-4668-BE54-9A1E7A4F7556}") = "Planetos.Data", "src\Planetos.Data\Planetos.Data.csproj", "{F13D6B26-A33A-4130-BCDC-1B5E949793C8}"
EndProject
Project("{FAE04EC0-301F-11D3-BF4B-00C04F79EFBC}") = "Planetos.Shared", "src\Planetos.Shared\Planetos.Shared.csproj", "{CC9FF96E-6593-46E2-BA9E-EECB49A241C0}"
EndProject
Project("{FAE04EC0-301F-11D3-BF4B-00C04F79EFBC}") = "Tests", "Tests\Tests.csproj", "{9C707030-8E33-4C10-963F-CC21651FC805}"
EndProject
Global
	GlobalSection(SolutionConfigurationPlatforms) = preSolution
		Debug|Any CPU = Debug|Any CPU
		Release|Any CPU = Release|Any CPU
	EndGlobalSection
	GlobalSection(ProjectConfigurationPlatforms) = postSolution
		{F13D6B26-A33A-4130-BCDC-1B5E949793C8}.Debug|Any CPU.ActiveCfg = Debug|Any CPU
		{F13D6B26-A33A-4130-BCDC-1B5E949793C8}.Debug|Any CPU.Build.0 = Debug|Any CPU
		{F13D6B26-A33A-4130-BCDC-1B5E949793C8}.Release|Any CPU.ActiveCfg = Release|Any CPU
		{F13D6B26-A33A-4130-BCDC-1B5E949793C8}.Release|Any CPU.Build.0 = Release|Any CPU
		{CC9FF96E-6593-46E2-BA9E-EECB49A241C0}.Debug|Any CPU.ActiveCfg = Debug|Any CPU
		{CC9FF96E-6593-46E2-BA9E-EECB49A241C0}.Debug|Any CPU.Build.0 = Debug|Any CPU
		{CC9FF96E-6593-46E2-BA9E-EECB49A241C0}.Release|Any CPU.ActiveCfg = Release|Any CPU
		{CC9FF96E-6593-46E2-BA9E-EECB49A241C0}.Release|Any CPU.Build.0 = Release|Any CPU
		{9C707030-8E33-4C10-963F-CC21651FC805}.Debug|Any CPU.ActiveCfg = Debug|Any CPU
		{9C707030-8E33-4C10-963F-CC21651FC805}.Debug|Any CPU.Build.0 = Debug|Any CPU
		{9C707030-8E33-4C10-963F-CC21651FC805}.Release|Any CPU.ActiveCfg = Release|Any CPU
		{9C707030-8E33-4C10-963F-CC21651FC805}.Release|Any CPU.Build.0 = Release|Any CPU
	EndGlobalSection
	GlobalSection(SolutionProperties) = preSolution
		HideSolutionNode = FALSE
	EndGlobalSection
	GlobalSection(ExtensibilityGlobals) = postSolution
		SolutionGuid = {82C2E363-12A4-4D04-AD00-57A6DD9CC244}
	EndGlobalSection
EndGlobal
